{
  "version": 4,
  "terraform_version": "1.9.8",
  "serial": 12,
  "lineage": "ac381357-1b70-da80-6add-7d3609528c6f",
  "outputs": {
    "dns_setup_instructions": {
      "value": "    \nTo configure DNS in Namecheap for freiwasser.org:\n    \n1. Go to Namecheap Dashboard → Domain List → Manage → Advanced DNS\n2. Add the following records:\n    \n   ROOT DOMAIN (@):\n   Type: A Record, Host: @, Value: 91.98.16.166\n   Type: AAAA Record, Host: @, Value: 2a01:4f8:1c1b:5d5f::1\n       \n   SUBDOMAIN (api):\n       Type: A Record, Host: api, Value: 91.98.16.166\n       Type: AAAA Record, Host: api, Value: 2a01:4f8:1c1b:5d5f::1\n       SUBDOMAIN (auth):\n       Type: A Record, Host: auth, Value: 91.98.16.166\n       Type: AAAA Record, Host: auth, Value: 2a01:4f8:1c1b:5d5f::1\n       SUBDOMAIN (tiles):\n       Type: A Record, Host: tiles, Value: 91.98.16.166\n       Type: AAAA Record, Host: tiles, Value: 2a01:4f8:1c1b:5d5f::1\n       SUBDOMAIN (db):\n       Type: A Record, Host: db, Value: 91.98.16.166\n       Type: AAAA Record, Host: db, Value: 2a01:4f8:1c1b:5d5f::1\n    \n3. TTL: 300 (5 minutes) or Automatic\n4. Wait for DNS propagation (usually 5-30 minutes)\n5. Test with: dig freiwasser.org or dig api.freiwasser.org\n    \nConfigured subdomains:\n- api.freiwasser.org\n    - auth.freiwasser.org\n    - tiles.freiwasser.org\n    - db.freiwasser.org\n",
      "type": "string"
    },
    "domain": {
      "value": "freiwasser.org",
      "type": "string"
    },
    "reverse_proxy": {
      "value": "nginx",
      "type": "string"
    },
    "server_ipv4_address": {
      "value": "91.98.16.166",
      "type": "string"
    },
    "server_ipv6_address": {
      "value": "2a01:4f8:1c1b:5d5f::1",
      "type": "string"
    },
    "server_name": {
      "value": "ubuntu-8gb-nbg1-2-velora",
      "type": "string"
    },
    "server_status": {
      "value": "running",
      "type": "string"
    },
    "subdomains": {
      "value": [
        "api.freiwasser.org",
        "auth.freiwasser.org",
        "tiles.freiwasser.org",
        "db.freiwasser.org"
      ],
      "type": [
        "tuple",
        [
          "string",
          "string",
          "string",
          "string"
        ]
      ]
    }
  },
  "resources": [
    {
      "mode": "managed",
      "type": "hcloud_firewall",
      "name": "osm_server",
      "provider": "provider[\"registry.terraform.io/hetznercloud/hcloud\"]",
      "instances": [
        {
          "schema_version": 0,
          "attributes": {
            "apply_to": [],
            "id": "10208771",
            "labels": {},
            "name": "osm-server-firewall",
            "rule": [
              {
                "description": "",
                "destination_ips": [
                  "0.0.0.0/0",
                  "::/0"
                ],
                "direction": "out",
                "port": "",
                "protocol": "icmp",
                "source_ips": []
              },
              {
                "description": "",
                "destination_ips": [
                  "0.0.0.0/0",
                  "::/0"
                ],
                "direction": "out",
                "port": "any",
                "protocol": "tcp",
                "source_ips": []
              },
              {
                "description": "",
                "destination_ips": [
                  "0.0.0.0/0",
                  "::/0"
                ],
                "direction": "out",
                "port": "any",
                "protocol": "udp",
                "source_ips": []
              },
              {
                "description": "",
                "destination_ips": [],
                "direction": "in",
                "port": "22",
                "protocol": "tcp",
                "source_ips": [
                  "0.0.0.0/0",
                  "::/0"
                ]
              },
              {
                "description": "",
                "destination_ips": [],
                "direction": "in",
                "port": "443",
                "protocol": "tcp",
                "source_ips": [
                  "0.0.0.0/0",
                  "::/0"
                ]
              },
              {
                "description": "",
                "destination_ips": [],
                "direction": "in",
                "port": "80",
                "protocol": "tcp",
                "source_ips": [
                  "0.0.0.0/0",
                  "::/0"
                ]
              }
            ]
          },
          "sensitive_attributes": [],
          "private": "bnVsbA=="
        }
      ]
    },
    {
      "mode": "managed",
      "type": "hcloud_firewall_attachment",
      "name": "osm_server",
      "provider": "provider[\"registry.terraform.io/hetznercloud/hcloud\"]",
      "instances": [
        {
          "schema_version": 0,
          "attributes": {
            "firewall_id": 10208771,
            "id": "10208771",
            "label_selectors": null,
            "server_ids": [
              113583069
            ]
          },
          "sensitive_attributes": [],
          "private": "bnVsbA==",
          "dependencies": [
            "hcloud_firewall.osm_server",
            "hcloud_server.main"
          ]
        }
      ]
    },
    {
      "mode": "managed",
      "type": "hcloud_server",
      "name": "main",
      "provider": "provider[\"registry.terraform.io/hetznercloud/hcloud\"]",
      "instances": [
        {
          "schema_version": 0,
          "attributes": {
            "allow_deprecated_images": false,
            "backup_window": "",
            "backups": false,
            "datacenter": "nbg1-dc3",
            "delete_protection": false,
            "firewall_ids": [
              10207861
            ],
            "id": "113583069",
            "ignore_remote_firewall_ids": false,
            "image": "ubuntu-24.04",
            "ipv4_address": "91.98.16.166",
            "ipv6_address": "2a01:4f8:1c1b:5d5f::1",
            "ipv6_network": "2a01:4f8:1c1b:5d5f::/64",
            "iso": null,
            "keep_disk": false,
            "labels": {},
            "location": "nbg1",
            "name": "ubuntu-8gb-nbg1-2-velora",
            "network": [],
            "placement_group_id": 0,
            "primary_disk_size": 80,
            "public_net": [
              {
                "ipv4": 0,
                "ipv4_enabled": true,
                "ipv6": 0,
                "ipv6_enabled": true
              }
            ],
            "rebuild_protection": false,
            "rescue": null,
            "server_type": "cx33",
            "shutdown_before_deletion": false,
            "ssh_keys": null,
            "status": "running",
            "timeouts": null,
            "user_data": null
          },
          "sensitive_attributes": [],
          "private": "eyJlMmJmYjczMC1lY2FhLTExZTYtOGY4OC0zNDM2M2JjN2M0YzAiOnsiY3JlYXRlIjo1NDAwMDAwMDAwMDAwfX0="
        }
      ]
    }
  ],
  "check_results": [
    {
      "object_kind": "var",
      "config_addr": "var.reverse_proxy",
      "status": "pass",
      "objects": [
        {
          "object_addr": "var.reverse_proxy",
          "status": "pass"
        }
      ]
    }
  ]
}
